<?xml version="1.0" encoding="utf-8"?>
<Project ToolsVersion="4.0" xmlns="http://schemas.microsoft.com/developer/msbuild/2003">
  <ItemGroup>
    <Filter Include="Source Files">
      <UniqueIdentifier>{4FC737F1-C7A5-4376-A066-2A32D752A2FF}</UniqueIdentifier>
      <Extensions>cpp;c;cc;cxx;def;odl;idl;hpj;bat;asm;asmx</Extensions>
    </Filter>
    <Filter Include="Header Files">
      <UniqueIdentifier>{93995380-89BD-4b04-88EB-625FBE52EBFB}</UniqueIdentifier>
      <Extensions>h;hh;hpp;hxx;hm;inl;inc;xsd</Extensions>
    </Filter>
    <Filter Include="Resource Files">
      <UniqueIdentifier>{D9D6E242-F8AF-46E4-B9FD-80ECBC20BA3E}</UniqueIdentifier>
      <Extensions>qrc;*</Extensions>
      <ParseFiles>false</ParseFiles>
    </Filter>
    <Filter Include="Form Files">
      <UniqueIdentifier>{99349809-55BA-4b9d-BF79-8FDBB0286EB3}</UniqueIdentifier>
      <Extensions>ui</Extensions>
    </Filter>
    <Filter Include="Resource Files">
      <UniqueIdentifier>{D9D6E242-F8AF-46E4-B9FD-80ECBC20BA3E}</UniqueIdentifier>
      <Extensions>qrc;*</Extensions>
      <ParseFiles>false</ParseFiles>
    </Filter>
    <Filter Include="Generated Files">
      <UniqueIdentifier>{71ED8ED8-ACB9-4CE9-BBE1-E00B30144E11}</UniqueIdentifier>
      <Extensions>moc;h;cpp</Extensions>
      <SourceControlFiles>False</SourceControlFiles>
    </Filter>
    <Filter Include="Pipelines">
      <UniqueIdentifier>{c71941a6-87c5-497c-8455-0a62572021db}</UniqueIdentifier>
    </Filter>
    <Filter Include="Pipelines\Headers">
      <UniqueIdentifier>{21c1a8e3-4fb8-4bf6-a98d-dab797336e84}</UniqueIdentifier>
    </Filter>
    <Filter Include="Pipelines\combine">
      <UniqueIdentifier>{0e0bcc68-045f-41fb-8ebe-8bf63b584eec}</UniqueIdentifier>
    </Filter>
    <Filter Include="Pipelines\deferred">
      <UniqueIdentifier>{466d03fa-b829-411c-9ee0-21c7112ef91b}</UniqueIdentifier>
    </Filter>
    <Filter Include="Pipelines\lightFrame">
      <UniqueIdentifier>{c23a10b2-bd49-430d-ba5e-4d17eac6d9a2}</UniqueIdentifier>
    </Filter>
    <Filter Include="Pipelines\pickUp">
      <UniqueIdentifier>{82c78db4-5872-4992-8833-654e135ba43d}</UniqueIdentifier>
    </Filter>
    <Filter Include="Pipelines\sky">
      <UniqueIdentifier>{ff2c2c66-f12a-4ff6-b5ca-11f6349f7055}</UniqueIdentifier>
    </Filter>
    <Filter Include="Pipelines\terrain">
      <UniqueIdentifier>{0a595644-07c1-45fa-ad41-b921bc09ff6c}</UniqueIdentifier>
    </Filter>
    <Filter Include="Pipelines\tool">
      <UniqueIdentifier>{6ac6c797-61e7-4a1b-813d-1cf534043b79}</UniqueIdentifier>
    </Filter>
    <Filter Include="Pipelines\ui">
      <UniqueIdentifier>{a5fc039b-7df2-4a11-8e0a-d58a5f6e54d2}</UniqueIdentifier>
    </Filter>
    <Filter Include="Pipelines\paste">
      <UniqueIdentifier>{01fe8f50-c23d-440a-a71f-499fb0926bf3}</UniqueIdentifier>
    </Filter>
  </ItemGroup>
  <ItemGroup>
    <ClCompile Include="main.cpp">
      <Filter>Source Files</Filter>
    </ClCompile>
    <ClCompile Include="world_editor.cpp">
      <Filter>Source Files</Filter>
    </ClCompile>
    <ClCompile Include="GeneratedFiles\qrc_world_editor.cpp">
      <Filter>Generated Files</Filter>
    </ClCompile>
    <ClCompile Include="GeneratedFiles\Debug\moc_world_editor.cpp">
      <Filter>Generated Files</Filter>
    </ClCompile>
    <ClCompile Include="..\src\qLineNumberEdit.cpp">
      <Filter>Source Files</Filter>
    </ClCompile>
    <ClCompile Include="..\src\qFindWidget.cpp">
      <Filter>Source Files</Filter>
    </ClCompile>
    <ClCompile Include="lex.stage_editor_yy.c">
      <Filter>Source Files</Filter>
    </ClCompile>
  </ItemGroup>
  <ItemGroup>
    <CustomBuild Include="world_editor.h">
      <Filter>Header Files</Filter>
    </CustomBuild>
    <CustomBuild Include="world_editor.qrc">
      <Filter>Resource Files</Filter>
    </CustomBuild>
    <CustomBuild Include="world_editor.ui">
      <Filter>Form Files</Filter>
    </CustomBuild>
  </ItemGroup>
  <ItemGroup>
    <ClInclude Include="GeneratedFiles\ui_world_editor.h">
      <Filter>Generated Files</Filter>
    </ClInclude>
    <ClInclude Include="..\pipeline\resolutionCube.h">
      <Filter>Pipelines\Headers</Filter>
    </ClInclude>
    <ClInclude Include="..\pipeline\resolution.h">
      <Filter>Pipelines\Headers</Filter>
    </ClInclude>
    <ClInclude Include="..\pipeline\pi.h">
      <Filter>Pipelines\Headers</Filter>
    </ClInclude>
    <ClInclude Include="..\pipeline\panorama.h">
      <Filter>Pipelines\Headers</Filter>
    </ClInclude>
    <ClInclude Include="..\pipeline\noise.h">
      <Filter>Pipelines\Headers</Filter>
    </ClInclude>
    <ClInclude Include="..\pipeline\fovyCube.h">
      <Filter>Pipelines\Headers</Filter>
    </ClInclude>
    <ClInclude Include="..\pipeline\fovy.h">
      <Filter>Pipelines\Headers</Filter>
    </ClInclude>
    <ClInclude Include="..\pipeline\depth.h">
      <Filter>Pipelines\Headers</Filter>
    </ClInclude>
  </ItemGroup>
  <ItemGroup>
    <None Include="..\pipeline\fullscreen.vert">
      <Filter>Pipelines</Filter>
    </None>
    <None Include="..\pipeline\fullscreenUv.vert">
      <Filter>Pipelines</Filter>
    </None>
    <None Include="..\pipeline\fullscreenUvView.vert">
      <Filter>Pipelines</Filter>
    </None>
    <None Include="..\pipeline\fullscreenUvViewInstance.vert">
      <Filter>Pipelines</Filter>
    </None>
    <None Include="..\pipeline\fullscreenView.vert">
      <Filter>Pipelines</Filter>
    </None>
    <None Include="..\pipeline\combine\combine.frag">
      <Filter>Pipelines\combine</Filter>
    </None>
    <None Include="..\pipeline\deferred\deferred.frag">
      <Filter>Pipelines\deferred</Filter>
    </None>
    <None Include="..\pipeline\deferred\deferred_ibl.frag">
      <Filter>Pipelines\deferred</Filter>
    </None>
    <None Include="..\pipeline\deferred\mrt.frag">
      <Filter>Pipelines\deferred</Filter>
    </None>
    <None Include="..\pipeline\deferred\mrt.vert">
      <Filter>Pipelines\deferred</Filter>
    </None>
  </ItemGroup>
  <ItemGroup>
    <Xml Include="..\pipeline\combine\combine.xml">
      <Filter>Pipelines\combine</Filter>
    </Xml>
    <Xml Include="..\pipeline\combine\combine.frag.xml">
      <Filter>Pipelines\combine</Filter>
    </Xml>
    <Xml Include="..\pipeline\deferred\deferred.xml">
      <Filter>Pipelines\deferred</Filter>
    </Xml>
    <Xml Include="..\pipeline\deferred\deferred_ibl.xml">
      <Filter>Pipelines\deferred</Filter>
    </Xml>
    <Xml Include="..\pipeline\deferred\mrt.xml">
      <Filter>Pipelines\deferred</Filter>
    </Xml>
  </ItemGroup>
</Project>