<?xml version="1.0" encoding="utf-8"?>
<Project ToolsVersion="4.0" xmlns="http://schemas.microsoft.com/developer/msbuild/2003">
  <ItemGroup>
    <Filter Include="src">
      <UniqueIdentifier>{abeec3cb-865c-4c56-94a7-59a23520d8b5}</UniqueIdentifier>
    </Filter>
    <Filter Include="src\entity">
      <UniqueIdentifier>{41c1fac5-1640-48d0-9ae6-fe95afe024f0}</UniqueIdentifier>
    </Filter>
    <Filter Include="src\math">
      <UniqueIdentifier>{5aadd756-b9e1-43a1-bcbd-023e5020e5f4}</UniqueIdentifier>
    </Filter>
    <Filter Include="src\model">
      <UniqueIdentifier>{e1e3e433-66c0-4534-bf29-65ee1558153d}</UniqueIdentifier>
    </Filter>
    <Filter Include="src\physics">
      <UniqueIdentifier>{85f55c03-5b9c-4a84-a9dd-17045b54e544}</UniqueIdentifier>
    </Filter>
    <Filter Include="src\resource">
      <UniqueIdentifier>{c81aafc0-625e-42cc-ba36-8ed5b1463af9}</UniqueIdentifier>
    </Filter>
    <Filter Include="src\sound">
      <UniqueIdentifier>{1870b2de-db2c-40dc-bfcf-b5dbd25866db}</UniqueIdentifier>
    </Filter>
    <Filter Include="src\ui">
      <UniqueIdentifier>{236f145f-b98d-4654-a9d7-048f873b9e40}</UniqueIdentifier>
    </Filter>
    <Filter Include="src\graphics">
      <UniqueIdentifier>{c69047f9-820a-408f-835c-efdde6815fab}</UniqueIdentifier>
    </Filter>
    <Filter Include="src\pick_up">
      <UniqueIdentifier>{33da02c2-b2d3-4d63-9a52-83d129965aba}</UniqueIdentifier>
    </Filter>
  </ItemGroup>
  <ItemGroup>
    <ClCompile Include="..\src\entity\camera.cpp">
      <Filter>src\entity</Filter>
    </ClCompile>
    <ClCompile Include="..\src\entity\controller.cpp">
      <Filter>src\entity</Filter>
    </ClCompile>
    <ClCompile Include="..\src\entity\light.cpp">
      <Filter>src\entity</Filter>
    </ClCompile>
    <ClCompile Include="..\src\entity\object.cpp">
      <Filter>src\entity</Filter>
    </ClCompile>
    <ClCompile Include="..\src\entity\scene.cpp">
      <Filter>src\entity</Filter>
    </ClCompile>
    <ClCompile Include="..\src\entity\terrain.cpp">
      <Filter>src\entity</Filter>
    </ClCompile>
    <ClCompile Include="..\src\entity\water.cpp">
      <Filter>src\entity</Filter>
    </ClCompile>
    <ClCompile Include="..\src\math\math.cpp">
      <Filter>src\math</Filter>
    </ClCompile>
    <ClCompile Include="..\src\model\animation.cpp">
      <Filter>src\model</Filter>
    </ClCompile>
    <ClCompile Include="..\src\model\model.cpp">
      <Filter>src\model</Filter>
    </ClCompile>
    <ClCompile Include="..\src\ui\ui.cpp">
      <Filter>src\ui</Filter>
    </ClCompile>
    <ClCompile Include="..\src\sound\sound.cpp">
      <Filter>src\sound</Filter>
    </ClCompile>
    <ClCompile Include="..\src\resource\resource.cpp">
      <Filter>src\resource</Filter>
    </ClCompile>
    <ClCompile Include="..\src\physics\physics.cpp">
      <Filter>src\physics</Filter>
    </ClCompile>
    <ClCompile Include="..\src\image_data.cpp">
      <Filter>src</Filter>
    </ClCompile>
    <ClCompile Include="..\src\REFLECT.cpp">
      <Filter>src</Filter>
    </ClCompile>
    <ClCompile Include="..\..\imgui\imgui.cpp">
      <Filter>src\ui</Filter>
    </ClCompile>
    <ClCompile Include="..\..\imgui\imgui_draw.cpp">
      <Filter>src\ui</Filter>
    </ClCompile>
    <ClCompile Include="..\src\file_utils.cpp">
      <Filter>src</Filter>
    </ClCompile>
    <ClCompile Include="..\src\entity\node.cpp">
      <Filter>src\entity</Filter>
    </ClCompile>
    <ClCompile Include="..\src\refl.cpp">
      <Filter>src</Filter>
    </ClCompile>
    <ClCompile Include="..\src\graphics\buffer.cpp">
      <Filter>src\graphics</Filter>
    </ClCompile>
    <ClCompile Include="..\src\graphics\command_buffer.cpp">
      <Filter>src\graphics</Filter>
    </ClCompile>
    <ClCompile Include="..\src\graphics\descriptor.cpp">
      <Filter>src\graphics</Filter>
    </ClCompile>
    <ClCompile Include="..\src\graphics\display_layer.cpp">
      <Filter>src\graphics</Filter>
    </ClCompile>
    <ClCompile Include="..\src\graphics\framebuffer.cpp">
      <Filter>src\graphics</Filter>
    </ClCompile>
    <ClCompile Include="..\src\graphics\graphics.cpp">
      <Filter>src\graphics</Filter>
    </ClCompile>
    <ClCompile Include="..\src\graphics\image.cpp">
      <Filter>src\graphics</Filter>
    </ClCompile>
    <ClCompile Include="..\src\graphics\material.cpp">
      <Filter>src\graphics</Filter>
    </ClCompile>
    <ClCompile Include="..\src\graphics\pipeline.cpp">
      <Filter>src\graphics</Filter>
    </ClCompile>
    <ClCompile Include="..\src\graphics\renderer.cpp">
      <Filter>src\graphics</Filter>
    </ClCompile>
    <ClCompile Include="..\src\graphics\renderpass.cpp">
      <Filter>src\graphics</Filter>
    </ClCompile>
    <ClCompile Include="..\src\graphics\sampler.cpp">
      <Filter>src\graphics</Filter>
    </ClCompile>
    <ClCompile Include="..\src\graphics\shader.cpp">
      <Filter>src\graphics</Filter>
    </ClCompile>
    <ClCompile Include="..\src\graphics\synchronization.cpp">
      <Filter>src\graphics</Filter>
    </ClCompile>
    <ClCompile Include="..\src\event.cpp">
      <Filter>src</Filter>
    </ClCompile>
    <ClCompile Include="..\src\inpit.cpp">
      <Filter>src</Filter>
    </ClCompile>
    <ClCompile Include="..\src\error.cpp">
      <Filter>src</Filter>
    </ClCompile>
    <ClCompile Include="..\src\time.cpp">
      <Filter>src</Filter>
    </ClCompile>
    <ClCompile Include="..\src\string_utils.cpp">
      <Filter>src</Filter>
    </ClCompile>
    <ClCompile Include="..\src\system.cpp">
      <Filter>src</Filter>
    </ClCompile>
    <ClCompile Include="..\src\language.cpp">
      <Filter>src</Filter>
    </ClCompile>
    <ClCompile Include="..\src\pick_up\pick_up.cpp">
      <Filter>src\pick_up</Filter>
    </ClCompile>
    <ClCompile Include="..\src\application.cpp">
      <Filter>src</Filter>
    </ClCompile>
    <ClCompile Include="..\src\entity\sky.cpp">
      <Filter>src\entity</Filter>
    </ClCompile>
  </ItemGroup>
  <ItemGroup>
    <ClInclude Include="..\src\entity\camera.h">
      <Filter>src\entity</Filter>
    </ClInclude>
    <ClInclude Include="..\src\entity\controller.h">
      <Filter>src\entity</Filter>
    </ClInclude>
    <ClInclude Include="..\src\entity\light.h">
      <Filter>src\entity</Filter>
    </ClInclude>
    <ClInclude Include="..\src\entity\object.h">
      <Filter>src\entity</Filter>
    </ClInclude>
    <ClInclude Include="..\src\entity\scene.h">
      <Filter>src\entity</Filter>
    </ClInclude>
    <ClInclude Include="..\src\entity\terrain.h">
      <Filter>src\entity</Filter>
    </ClInclude>
    <ClInclude Include="..\src\entity\water.h">
      <Filter>src\entity</Filter>
    </ClInclude>
    <ClInclude Include="..\src\math\math.h">
      <Filter>src\math</Filter>
    </ClInclude>
    <ClInclude Include="..\src\model\animation.h">
      <Filter>src\model</Filter>
    </ClInclude>
    <ClInclude Include="..\src\model\model.h">
      <Filter>src\model</Filter>
    </ClInclude>
    <ClInclude Include="..\src\ui\ui.h">
      <Filter>src\ui</Filter>
    </ClInclude>
    <ClInclude Include="..\src\sound\sound.h">
      <Filter>src\sound</Filter>
    </ClInclude>
    <ClInclude Include="..\src\resource\resource.h">
      <Filter>src\resource</Filter>
    </ClInclude>
    <ClInclude Include="..\src\physics\physics.h">
      <Filter>src\physics</Filter>
    </ClInclude>
    <ClInclude Include="..\src\image_data.h">
      <Filter>src</Filter>
    </ClInclude>
    <ClInclude Include="..\..\imgui\imgui.h">
      <Filter>src\ui</Filter>
    </ClInclude>
    <ClInclude Include="..\src\file_utils.h">
      <Filter>src</Filter>
    </ClInclude>
    <ClInclude Include="..\src\hash.h">
      <Filter>src</Filter>
    </ClInclude>
    <ClInclude Include="..\src\entity\node.h">
      <Filter>src\entity</Filter>
    </ClInclude>
    <ClInclude Include="..\src\refl.h">
      <Filter>src</Filter>
    </ClInclude>
    <ClInclude Include="..\src\graphics\buffer.h">
      <Filter>src\graphics</Filter>
    </ClInclude>
    <ClInclude Include="..\src\graphics\command_buffer.h">
      <Filter>src\graphics</Filter>
    </ClInclude>
    <ClInclude Include="..\src\graphics\descriptor.h">
      <Filter>src\graphics</Filter>
    </ClInclude>
    <ClInclude Include="..\src\graphics\display_layer.h">
      <Filter>src\graphics</Filter>
    </ClInclude>
    <ClInclude Include="..\src\graphics\framebuffer.h">
      <Filter>src\graphics</Filter>
    </ClInclude>
    <ClInclude Include="..\src\graphics\graphics.h">
      <Filter>src\graphics</Filter>
    </ClInclude>
    <ClInclude Include="..\src\graphics\image.h">
      <Filter>src\graphics</Filter>
    </ClInclude>
    <ClInclude Include="..\src\graphics\material.h">
      <Filter>src\graphics</Filter>
    </ClInclude>
    <ClInclude Include="..\src\graphics\pipeline.h">
      <Filter>src\graphics</Filter>
    </ClInclude>
    <ClInclude Include="..\src\graphics\renderer.h">
      <Filter>src\graphics</Filter>
    </ClInclude>
    <ClInclude Include="..\src\graphics\renderpass.h">
      <Filter>src\graphics</Filter>
    </ClInclude>
    <ClInclude Include="..\src\graphics\sampler.h">
      <Filter>src\graphics</Filter>
    </ClInclude>
    <ClInclude Include="..\src\graphics\shader.h">
      <Filter>src\graphics</Filter>
    </ClInclude>
    <ClInclude Include="..\src\graphics\synchronization.h">
      <Filter>src\graphics</Filter>
    </ClInclude>
    <ClInclude Include="..\src\event.h">
      <Filter>src</Filter>
    </ClInclude>
    <ClInclude Include="..\src\input.h">
      <Filter>src</Filter>
    </ClInclude>
    <ClInclude Include="..\src\error.h">
      <Filter>src</Filter>
    </ClInclude>
    <ClInclude Include="..\src\time.h">
      <Filter>src</Filter>
    </ClInclude>
    <ClInclude Include="..\src\string_utils.h">
      <Filter>src</Filter>
    </ClInclude>
    <ClInclude Include="..\src\system.h">
      <Filter>src</Filter>
    </ClInclude>
    <ClInclude Include="..\src\language.h">
      <Filter>src</Filter>
    </ClInclude>
    <ClInclude Include="..\src\pick_up\pick_up.h">
      <Filter>src\pick_up</Filter>
    </ClInclude>
    <ClInclude Include="..\src\global.h">
      <Filter>src</Filter>
    </ClInclude>
    <ClInclude Include="..\src\type.h">
      <Filter>src</Filter>
    </ClInclude>
    <ClInclude Include="..\src\application.h">
      <Filter>src</Filter>
    </ClInclude>
    <ClInclude Include="..\src\entity\sky.h">
      <Filter>src\entity</Filter>
    </ClInclude>
  </ItemGroup>
</Project>