<?xml version="1.0" encoding="utf-8"?>
<Project ToolsVersion="4.0" xmlns="http://schemas.microsoft.com/developer/msbuild/2003">
  <ItemGroup>
    <Filter Include="源文件">
      <UniqueIdentifier>{4FC737F1-C7A5-4376-A066-2A32D752A2FF}</UniqueIdentifier>
      <Extensions>cpp;c;cc;cxx;def;odl;idl;hpj;bat;asm;asmx</Extensions>
    </Filter>
    <Filter Include="头文件">
      <UniqueIdentifier>{93995380-89BD-4b04-88EB-625FBE52EBFB}</UniqueIdentifier>
      <Extensions>h;hh;hpp;hxx;hm;inl;inc;xsd</Extensions>
    </Filter>
    <Filter Include="资源文件">
      <UniqueIdentifier>{67DA6AB6-F800-4c08-8B7A-83BB121AAD01}</UniqueIdentifier>
      <Extensions>rc;ico;cur;bmp;dlg;rc2;rct;bin;rgs;gif;jpg;jpeg;jpe;resx;tiff;tif;png;wav;mfcribbon-ms</Extensions>
    </Filter>
  </ItemGroup>
  <ItemGroup>
    <Text Include="ReadMe.txt" />
  </ItemGroup>
  <ItemGroup>
    <ClCompile Include="..\src\camera.cpp">
      <Filter>源文件</Filter>
    </ClCompile>
    <ClCompile Include="..\src\controler.cpp">
      <Filter>源文件</Filter>
    </ClCompile>
    <ClCompile Include="..\src\core.cpp">
      <Filter>源文件</Filter>
    </ClCompile>
    <ClCompile Include="..\src\event.cpp">
      <Filter>源文件</Filter>
    </ClCompile>
    <ClCompile Include="..\src\gui.cpp">
      <Filter>源文件</Filter>
    </ClCompile>
    <ClCompile Include="..\src\image.file.cpp">
      <Filter>源文件</Filter>
    </ClCompile>
    <ClCompile Include="..\src\light.cpp">
      <Filter>源文件</Filter>
    </ClCompile>
    <ClCompile Include="..\src\math.cpp">
      <Filter>源文件</Filter>
    </ClCompile>
    <ClCompile Include="..\src\model.cpp">
      <Filter>源文件</Filter>
    </ClCompile>
    <ClCompile Include="..\src\model.file.cpp">
      <Filter>源文件</Filter>
    </ClCompile>
    <ClCompile Include="..\src\model.general.cpp">
      <Filter>源文件</Filter>
    </ClCompile>
    <ClCompile Include="..\src\object.cpp">
      <Filter>源文件</Filter>
    </ClCompile>
    <ClCompile Include="..\src\physics.cpp">
      <Filter>源文件</Filter>
    </ClCompile>
    <ClCompile Include="..\src\pickUp.cpp">
      <Filter>源文件</Filter>
    </ClCompile>
    <ClCompile Include="..\src\reflect.cpp">
      <Filter>源文件</Filter>
    </ClCompile>
    <ClCompile Include="..\src\render.cpp">
      <Filter>源文件</Filter>
    </ClCompile>
    <ClCompile Include="..\src\scene.cpp">
      <Filter>源文件</Filter>
    </ClCompile>
    <ClCompile Include="..\src\script.cpp">
      <Filter>源文件</Filter>
    </ClCompile>
    <ClCompile Include="..\src\terrain.cpp">
      <Filter>源文件</Filter>
    </ClCompile>
    <ClCompile Include="..\src\transformer.cpp">
      <Filter>源文件</Filter>
    </ClCompile>
    <ClCompile Include="..\src\utils.cpp">
      <Filter>源文件</Filter>
    </ClCompile>
    <ClCompile Include="..\..\imgui-master\imgui.cpp">
      <Filter>源文件</Filter>
    </ClCompile>
    <ClCompile Include="..\..\imgui-master\imgui_draw.cpp">
      <Filter>源文件</Filter>
    </ClCompile>
  </ItemGroup>
  <ItemGroup>
    <ClInclude Include="..\src\camera.h">
      <Filter>头文件</Filter>
    </ClInclude>
    <ClInclude Include="..\src\controler.h">
      <Filter>头文件</Filter>
    </ClInclude>
    <ClInclude Include="..\src\core.h">
      <Filter>头文件</Filter>
    </ClInclude>
    <ClInclude Include="..\src\event.h">
      <Filter>头文件</Filter>
    </ClInclude>
    <ClInclude Include="..\src\gui.h">
      <Filter>头文件</Filter>
    </ClInclude>
    <ClInclude Include="..\src\image.file.h">
      <Filter>头文件</Filter>
    </ClInclude>
    <ClInclude Include="..\src\light.h">
      <Filter>头文件</Filter>
    </ClInclude>
    <ClInclude Include="..\src\math.h">
      <Filter>头文件</Filter>
    </ClInclude>
    <ClInclude Include="..\src\model.file.h">
      <Filter>头文件</Filter>
    </ClInclude>
    <ClInclude Include="..\src\model.general.h">
      <Filter>头文件</Filter>
    </ClInclude>
    <ClInclude Include="..\src\model.h">
      <Filter>头文件</Filter>
    </ClInclude>
    <ClInclude Include="..\src\object.h">
      <Filter>头文件</Filter>
    </ClInclude>
    <ClInclude Include="..\src\physics.h">
      <Filter>头文件</Filter>
    </ClInclude>
    <ClInclude Include="..\src\pickUp.h">
      <Filter>头文件</Filter>
    </ClInclude>
    <ClInclude Include="..\src\scene.h">
      <Filter>头文件</Filter>
    </ClInclude>
    <ClInclude Include="..\src\script.h">
      <Filter>头文件</Filter>
    </ClInclude>
    <ClInclude Include="..\src\terrain.h">
      <Filter>头文件</Filter>
    </ClInclude>
    <ClInclude Include="..\src\transformer.h">
      <Filter>头文件</Filter>
    </ClInclude>
    <ClInclude Include="..\src\utils.h">
      <Filter>头文件</Filter>
    </ClInclude>
    <ClInclude Include="..\src\render.h">
      <Filter>头文件</Filter>
    </ClInclude>
  </ItemGroup>
</Project>