<?xml version="1.0" encoding="utf-8"?>
<Project ToolsVersion="4.0" xmlns="http://schemas.microsoft.com/developer/msbuild/2003">
  <ItemGroup>
    <Filter Include="src">
      <UniqueIdentifier>{53328497-2b0c-4e1a-af91-379a4e1cf4ec}</UniqueIdentifier>
    </Filter>
    <Filter Include="res">
      <UniqueIdentifier>{9794f7b4-4266-4995-a535-1f6bd413c99f}</UniqueIdentifier>
    </Filter>
    <Filter Include="src\tool">
      <UniqueIdentifier>{e5ff0cc1-bb12-46bc-aa51-c54cf38b2211}</UniqueIdentifier>
    </Filter>
    <Filter Include="src\window">
      <UniqueIdentifier>{99f33b0a-7ac9-4096-9f8b-0fae8a5d1b91}</UniqueIdentifier>
    </Filter>
  </ItemGroup>
  <ItemGroup>
    <Xml Include="data.xml">
      <Filter>res</Filter>
    </Xml>
  </ItemGroup>
  <ItemGroup>
    <None Include="scene_1.scene">
      <Filter>res</Filter>
    </None>
    <None Include="scene_2.scene">
      <Filter>res</Filter>
    </None>
  </ItemGroup>
  <ItemGroup>
    <ClCompile Include="src\editor.cpp">
      <Filter>src</Filter>
    </ClCompile>
    <ClCompile Include="src\select.cpp">
      <Filter>src</Filter>
    </ClCompile>
    <ClCompile Include="src\tool\tool.cpp">
      <Filter>src\tool</Filter>
    </ClCompile>
    <ClCompile Include="src\tool\transformer_tool.cpp">
      <Filter>src\tool</Filter>
    </ClCompile>
    <ClCompile Include="src\window\attribute.cpp">
      <Filter>src\window</Filter>
    </ClCompile>
    <ClCompile Include="src\window\resource_explorer.cpp">
      <Filter>src\window</Filter>
    </ClCompile>
    <ClCompile Include="src\window\terrain_editor.cpp">
      <Filter>src\window</Filter>
    </ClCompile>
    <ClCompile Include="src\window\texture_editor.cpp">
      <Filter>src\window</Filter>
    </ClCompile>
    <ClCompile Include="src\window\window.cpp">
      <Filter>src\window</Filter>
    </ClCompile>
    <ClCompile Include="src\window\scene_editor.cpp">
      <Filter>src\window</Filter>
    </ClCompile>
    <ClCompile Include="src\window\dir_selector.cpp">
      <Filter>src\window</Filter>
    </ClCompile>
  </ItemGroup>
  <ItemGroup>
    <ClInclude Include="src\editor.h">
      <Filter>src</Filter>
    </ClInclude>
    <ClInclude Include="src\select.h">
      <Filter>src</Filter>
    </ClInclude>
    <ClInclude Include="src\tool\tool.h">
      <Filter>src\tool</Filter>
    </ClInclude>
    <ClInclude Include="src\tool\transformer_tool.h">
      <Filter>src\tool</Filter>
    </ClInclude>
    <ClInclude Include="src\window\attribute.h">
      <Filter>src\window</Filter>
    </ClInclude>
    <ClInclude Include="src\window\resource_explorer.h">
      <Filter>src\window</Filter>
    </ClInclude>
    <ClInclude Include="src\window\terrain_editor.h">
      <Filter>src\window</Filter>
    </ClInclude>
    <ClInclude Include="src\window\texture_editor.h">
      <Filter>src\window</Filter>
    </ClInclude>
    <ClInclude Include="src\window\window.h">
      <Filter>src\window</Filter>
    </ClInclude>
    <ClInclude Include="src\window\scene_editor.h">
      <Filter>src\window</Filter>
    </ClInclude>
    <ClInclude Include="src\window\dir_selector.h">
      <Filter>src\window</Filter>
    </ClInclude>
  </ItemGroup>
</Project>