<?xml version="1.0" encoding="utf-8"?>
<Project ToolsVersion="4.0" xmlns="http://schemas.microsoft.com/developer/msbuild/2003">
  <ItemGroup>
    <Filter Include="src">
      <UniqueIdentifier>{53328497-2b0c-4e1a-af91-379a4e1cf4ec}</UniqueIdentifier>
    </Filter>
    <Filter Include="src\tool">
      <UniqueIdentifier>{e5ff0cc1-bb12-46bc-aa51-c54cf38b2211}</UniqueIdentifier>
    </Filter>
    <Filter Include="src\window">
      <UniqueIdentifier>{99f33b0a-7ac9-4096-9f8b-0fae8a5d1b91}</UniqueIdentifier>
    </Filter>
  </ItemGroup>
  <ItemGroup>
    <ClCompile Include="..\src\editor\tool\tool.cpp">
      <Filter>src\tool</Filter>
    </ClCompile>
    <ClCompile Include="..\src\editor\tool\transformer_tool.cpp">
      <Filter>src\tool</Filter>
    </ClCompile>
    <ClCompile Include="..\src\editor\window\file_selector.cpp">
      <Filter>src\window</Filter>
    </ClCompile>
    <ClCompile Include="..\src\editor\window\image_editor.cpp">
      <Filter>src\window</Filter>
    </ClCompile>
    <ClCompile Include="..\src\editor\window\model_editor.cpp">
      <Filter>src\window</Filter>
    </ClCompile>
    <ClCompile Include="..\src\editor\window\resource_explorer.cpp">
      <Filter>src\window</Filter>
    </ClCompile>
    <ClCompile Include="..\src\editor\window\scene_editor.cpp">
      <Filter>src\window</Filter>
    </ClCompile>
    <ClCompile Include="..\src\editor\window\terrain_editor.cpp">
      <Filter>src\window</Filter>
    </ClCompile>
    <ClCompile Include="..\src\editor\editor.cpp">
      <Filter>src</Filter>
    </ClCompile>
    <ClCompile Include="..\src\editor\window\show_material.cpp">
      <Filter>src\window</Filter>
    </ClCompile>
    <ClCompile Include="..\src\editor\window\hierarchy.cpp">
      <Filter>src\window</Filter>
    </ClCompile>
    <ClCompile Include="..\src\editor\window\inspector.cpp">
      <Filter>src\window</Filter>
    </ClCompile>
    <ClCompile Include="..\src\editor\select.cpp">
      <Filter>src</Filter>
    </ClCompile>
  </ItemGroup>
  <ItemGroup>
    <ClInclude Include="..\src\editor\tool\tool.h">
      <Filter>src\tool</Filter>
    </ClInclude>
    <ClInclude Include="..\src\editor\tool\transformer_tool.h">
      <Filter>src\tool</Filter>
    </ClInclude>
    <ClInclude Include="..\src\editor\window\file_selector.h">
      <Filter>src\window</Filter>
    </ClInclude>
    <ClInclude Include="..\src\editor\window\image_editor.h">
      <Filter>src\window</Filter>
    </ClInclude>
    <ClInclude Include="..\src\editor\window\model_editor.h">
      <Filter>src\window</Filter>
    </ClInclude>
    <ClInclude Include="..\src\editor\window\resource_explorer.h">
      <Filter>src\window</Filter>
    </ClInclude>
    <ClInclude Include="..\src\editor\window\scene_editor.h">
      <Filter>src\window</Filter>
    </ClInclude>
    <ClInclude Include="..\src\editor\window\terrain_editor.h">
      <Filter>src\window</Filter>
    </ClInclude>
    <ClInclude Include="..\src\editor\window\show_material.h">
      <Filter>src\window</Filter>
    </ClInclude>
    <ClInclude Include="..\src\editor\window\hierarchy.h">
      <Filter>src\window</Filter>
    </ClInclude>
    <ClInclude Include="..\src\editor\window\inspector.h">
      <Filter>src\window</Filter>
    </ClInclude>
    <ClInclude Include="..\src\editor\select.h">
      <Filter>src</Filter>
    </ClInclude>
  </ItemGroup>
</Project>